// !$*UTF8*$!
{
	archiveVersion = 1;
	classes = {
	};
	objectVersion = 46;
	objects = {

/* Begin PBXBuildFile section */
		CF9F6FF918E8D8BB007AC0E5 /* Foundation.framework in Frameworks */ = {isa = PBXBuildFile; fileRef = CF9F6FF818E8D8BB007AC0E5 /* Foundation.framework */; };
		CF9F6FFB18E8D8BB007AC0E5 /* CoreGraphics.framework in Frameworks */ = {isa = PBXBuildFile; fileRef = CF9F6FFA18E8D8BB007AC0E5 /* CoreGraphics.framework */; };
		CF9F6FFD18E8D8BB007AC0E5 /* UIKit.framework in Frameworks */ = {isa = PBXBuildFile; fileRef = CF9F6FFC18E8D8BB007AC0E5 /* UIKit.framework */; };
		CF9F700318E8D8BB007AC0E5 /* InfoPlist.strings in Resources */ = {isa = PBXBuildFile; fileRef = CF9F700118E8D8BB007AC0E5 /* InfoPlist.strings */; };
		CF9F700518E8D8BB007AC0E5 /* main.m in Sources */ = {isa = PBXBuildFile; fileRef = CF9F700418E8D8BB007AC0E5 /* main.m */; };
		CF9F700918E8D8BB007AC0E5 /* AppDelegate.m in Sources */ = {isa = PBXBuildFile; fileRef = CF9F700818E8D8BB007AC0E5 /* AppDelegate.m */; };
		CF9F700B18E8D8BB007AC0E5 /* Images.xcassets in Resources */ = {isa = PBXBuildFile; fileRef = CF9F700A18E8D8BB007AC0E5 /* Images.xcassets */; };
		CF9F701218E8D8BB007AC0E5 /* XCTest.framework in Frameworks */ = {isa = PBXBuildFile; fileRef = CF9F701118E8D8BB007AC0E5 /* XCTest.framework */; };
		CF9F701318E8D8BB007AC0E5 /* Foundation.framework in Frameworks */ = {isa = PBXBuildFile; fileRef = CF9F6FF818E8D8BB007AC0E5 /* Foundation.framework */; };
		CF9F701418E8D8BB007AC0E5 /* UIKit.framework in Frameworks */ = {isa = PBXBuildFile; fileRef = CF9F6FFC18E8D8BB007AC0E5 /* UIKit.framework */; };
		CF9F701C18E8D8BB007AC0E5 /* InfoPlist.strings in Resources */ = {isa = PBXBuildFile; fileRef = CF9F701A18E8D8BB007AC0E5 /* InfoPlist.strings */; };
		CF9F701E18E8D8BB007AC0E5 /* wk04_paperTests.m in Sources */ = {isa = PBXBuildFile; fileRef = CF9F701D18E8D8BB007AC0E5 /* wk04_paperTests.m */; };
		CF9F702A18E8D8F9007AC0E5 /* MainViewController.m in Sources */ = {isa = PBXBuildFile; fileRef = CF9F702818E8D8F9007AC0E5 /* MainViewController.m */; };
		CF9F702B18E8D8F9007AC0E5 /* MainViewController.xib in Resources */ = {isa = PBXBuildFile; fileRef = CF9F702918E8D8F9007AC0E5 /* MainViewController.xib */; };
/* End PBXBuildFile section */

/* Begin PBXContainerItemProxy section */
		CF9F701518E8D8BB007AC0E5 /* PBXContainerItemProxy */ = {
			isa = PBXContainerItemProxy;
			containerPortal = CF9F6FED18E8D8BB007AC0E5 /* Project object */;
			proxyType = 1;
			remoteGlobalIDString = CF9F6FF418E8D8BB007AC0E5;
			remoteInfo = "wk04 paper";
		};
/* End PBXContainerItemProxy section */

/* Begin PBXFileReference section */
		CF9F6FF518E8D8BB007AC0E5 /* wk04 paper.app */ = {isa = PBXFileReference; explicitFileType = wrapper.application; includeInIndex = 0; path = "wk04 paper.app"; sourceTree = BUILT_PRODUCTS_DIR; };
		CF9F6FF818E8D8BB007AC0E5 /* Foundation.framework */ = {isa = PBXFileReference; lastKnownFileType = wrapper.framework; name = Foundation.framework; path = System/Library/Frameworks/Foundation.framework; sourceTree = SDKROOT; };
		CF9F6FFA18E8D8BB007AC0E5 /* CoreGraphics.framework */ = {isa = PBXFileReference; lastKnownFileType = wrapper.framework; name = CoreGraphics.framework; path = System/Library/Frameworks/CoreGraphics.framework; sourceTree = SDKROOT; };
		CF9F6FFC18E8D8BB007AC0E5 /* UIKit.framework */ = {isa = PBXFileReference; lastKnownFileType = wrapper.framework; name = UIKit.framework; path = System/Library/Frameworks/UIKit.framework; sourceTree = SDKROOT; };
		CF9F700018E8D8BB007AC0E5 /* wk04 paper-Info.plist */ = {isa = PBXFileReference; lastKnownFileType = text.plist.xml; path = "wk04 paper-Info.plist"; sourceTree = "<group>"; };
		CF9F700218E8D8BB007AC0E5 /* en */ = {isa = PBXFileReference; lastKnownFileType = text.plist.strings; name = en; path = en.lproj/InfoPlist.strings; sourceTree = "<group>"; };
		CF9F700418E8D8BB007AC0E5 /* main.m */ = {isa = PBXFileReference; lastKnownFileType = sourcecode.c.objc; path = main.m; sourceTree = "<group>"; };
		CF9F700618E8D8BB007AC0E5 /* wk04 paper-Prefix.pch */ = {isa = PBXFileReference; lastKnownFileType = sourcecode.c.h; path = "wk04 paper-Prefix.pch"; sourceTree = "<group>"; };
		CF9F700718E8D8BB007AC0E5 /* AppDelegate.h */ = {isa = PBXFileReference; lastKnownFileType = sourcecode.c.h; path = AppDelegate.h; sourceTree = "<group>"; };
		CF9F700818E8D8BB007AC0E5 /* AppDelegate.m */ = {isa = PBXFileReference; lastKnownFileType = sourcecode.c.objc; path = AppDelegate.m; sourceTree = "<group>"; };
		CF9F700A18E8D8BB007AC0E5 /* Images.xcassets */ = {isa = PBXFileReference; lastKnownFileType = folder.assetcatalog; path = Images.xcassets; sourceTree = "<group>"; };
		CF9F701018E8D8BB007AC0E5 /* wk04 paperTests.xctest */ = {isa = PBXFileReference; explicitFileType = wrapper.cfbundle; includeInIndex = 0; path = "wk04 paperTests.xctest"; sourceTree = BUILT_PRODUCTS_DIR; };
		CF9F701118E8D8BB007AC0E5 /* XCTest.framework */ = {isa = PBXFileReference; lastKnownFileType = wrapper.framework; name = XCTest.framework; path = Library/Frameworks/XCTest.framework; sourceTree = DEVELOPER_DIR; };
		CF9F701918E8D8BB007AC0E5 /* wk04 paperTests-Info.plist */ = {isa = PBXFileReference; lastKnownFileType = text.plist.xml; path = "wk04 paperTests-Info.plist"; sourceTree = "<group>"; };
		CF9F701B18E8D8BB007AC0E5 /* en */ = {isa = PBXFileReference; lastKnownFileType = text.plist.strings; name = en; path = en.lproj/InfoPlist.strings; sourceTree = "<group>"; };
		CF9F701D18E8D8BB007AC0E5 /* wk04_paperTests.m */ = {isa = PBXFileReference; lastKnownFileType = sourcecode.c.objc; path = wk04_paperTests.m; sourceTree = "<group>"; };
		CF9F702718E8D8F9007AC0E5 /* MainViewController.h */ = {isa = PBXFileReference; fileEncoding = 4; lastKnownFileType = sourcecode.c.h; path = MainViewController.h; sourceTree = "<group>"; };
		CF9F702818E8D8F9007AC0E5 /* MainViewController.m */ = {isa = PBXFileReference; fileEncoding = 4; lastKnownFileType = sourcecode.c.objc; path = MainViewController.m; sourceTree = "<group>"; };
		CF9F702918E8D8F9007AC0E5 /* MainViewController.xib */ = {isa = PBXFileReference; fileEncoding = 4; lastKnownFileType = file.xib; path = MainViewController.xib; sourceTree = "<group>"; };
/* End PBXFileReference section */

/* Begin PBXFrameworksBuildPhase section */
		CF9F6FF218E8D8BB007AC0E5 /* Frameworks */ = {
			isa = PBXFrameworksBuildPhase;
			buildActionMask = 2147483647;
			files = (
				CF9F6FFB18E8D8BB007AC0E5 /* CoreGraphics.framework in Frameworks */,
				CF9F6FFD18E8D8BB007AC0E5 /* UIKit.framework in Frameworks */,
				CF9F6FF918E8D8BB007AC0E5 /* Foundation.framework in Frameworks */,
			);
			runOnlyForDeploymentPostprocessing = 0;
		};
		CF9F700D18E8D8BB007AC0E5 /* Frameworks */ = {
			isa = PBXFrameworksBuildPhase;
			buildActionMask = 2147483647;
			files = (
				CF9F701218E8D8BB007AC0E5 /* XCTest.framework in Frameworks */,
				CF9F701418E8D8BB007AC0E5 /* UIKit.framework in Frameworks */,
				CF9F701318E8D8BB007AC0E5 /* Foundation.framework in Frameworks */,
			);
			runOnlyForDeploymentPostprocessing = 0;
		};
/* End PBXFrameworksBuildPhase section */

/* Begin PBXGroup section */
		CF9F6FEC18E8D8BB007AC0E5 = {
			isa = PBXGroup;
			children = (
				CF9F6FFE18E8D8BB007AC0E5 /* wk04 paper */,
				CF9F701718E8D8BB007AC0E5 /* wk04 paperTests */,
				CF9F6FF718E8D8BB007AC0E5 /* Frameworks */,
				CF9F6FF618E8D8BB007AC0E5 /* Products */,
			);
			sourceTree = "<group>";
		};
		CF9F6FF618E8D8BB007AC0E5 /* Products */ = {
			isa = PBXGroup;
			children = (
				CF9F6FF518E8D8BB007AC0E5 /* wk04 paper.app */,
				CF9F701018E8D8BB007AC0E5 /* wk04 paperTests.xctest */,
			);
			name = Products;
			sourceTree = "<group>";
		};
		CF9F6FF718E8D8BB007AC0E5 /* Frameworks */ = {
			isa = PBXGroup;
			children = (
				CF9F6FF818E8D8BB007AC0E5 /* Foundation.framework */,
				CF9F6FFA18E8D8BB007AC0E5 /* CoreGraphics.framework */,
				CF9F6FFC18E8D8BB007AC0E5 /* UIKit.framework */,
				CF9F701118E8D8BB007AC0E5 /* XCTest.framework */,
			);
			name = Frameworks;
			sourceTree = "<group>";
		};
		CF9F6FFE18E8D8BB007AC0E5 /* wk04 paper */ = {
			isa = PBXGroup;
			children = (
				CF9F700718E8D8BB007AC0E5 /* AppDelegate.h */,
				CF9F700818E8D8BB007AC0E5 /* AppDelegate.m */,
				CF9F700A18E8D8BB007AC0E5 /* Images.xcassets */,
				CF9F702718E8D8F9007AC0E5 /* MainViewController.h */,
				CF9F702818E8D8F9007AC0E5 /* MainViewController.m */,
				CF9F702918E8D8F9007AC0E5 /* MainViewController.xib */,
				CF9F6FFF18E8D8BB007AC0E5 /* Supporting Files */,
			);
			path = "wk04 paper";
			sourceTree = "<group>";
		};
		CF9F6FFF18E8D8BB007AC0E5 /* Supporting Files */ = {
			isa = PBXGroup;
			children = (
				CF9F700018E8D8BB007AC0E5 /* wk04 paper-Info.plist */,
				CF9F700118E8D8BB007AC0E5 /* InfoPlist.strings */,
				CF9F700418E8D8BB007AC0E5 /* main.m */,
				CF9F700618E8D8BB007AC0E5 /* wk04 paper-Prefix.pch */,
			);
			name = "Supporting Files";
			sourceTree = "<group>";
		};
		CF9F701718E8D8BB007AC0E5 /* wk04 paperTests */ = {
			isa = PBXGroup;
			children = (
				CF9F701D18E8D8BB007AC0E5 /* wk04_paperTests.m */,
				CF9F701818E8D8BB007AC0E5 /* Supporting Files */,
			);
			path = "wk04 paperTests";
			sourceTree = "<group>";
		};
		CF9F701818E8D8BB007AC0E5 /* Supporting Files */ = {
			isa = PBXGroup;
			children = (
				CF9F701918E8D8BB007AC0E5 /* wk04 paperTests-Info.plist */,
				CF9F701A18E8D8BB007AC0E5 /* InfoPlist.strings */,
			);
			name = "Supporting Files";
			sourceTree = "<group>";
		};
/* End PBXGroup section */

/* Begin PBXNativeTarget section */
		CF9F6FF418E8D8BB007AC0E5 /* wk04 paper */ = {
			isa = PBXNativeTarget;
			buildConfigurationList = CF9F702118E8D8BB007AC0E5 /* Build configuration list for PBXNativeTarget "wk04 paper" */;
			buildPhases = (
				CF9F6FF118E8D8BB007AC0E5 /* Sources */,
				CF9F6FF218E8D8BB007AC0E5 /* Frameworks */,
				CF9F6FF318E8D8BB007AC0E5 /* Resources */,
			);
			buildRules = (
			);
			dependencies = (
			);
			name = "wk04 paper";
			productName = "wk04 paper";
			productReference = CF9F6FF518E8D8BB007AC0E5 /* wk04 paper.app */;
			productType = "com.apple.product-type.application";
		};
		CF9F700F18E8D8BB007AC0E5 /* wk04 paperTests */ = {
			isa = PBXNativeTarget;
			buildConfigurationList = CF9F702418E8D8BB007AC0E5 /* Build configuration list for PBXNativeTarget "wk04 paperTests" */;
			buildPhases = (
				CF9F700C18E8D8BB007AC0E5 /* Sources */,
				CF9F700D18E8D8BB007AC0E5 /* Frameworks */,
				CF9F700E18E8D8BB007AC0E5 /* Resources */,
			);
			buildRules = (
			);
			dependencies = (
				CF9F701618E8D8BB007AC0E5 /* PBXTargetDependency */,
			);
			name = "wk04 paperTests";
			productName = "wk04 paperTests";
			productReference = CF9F701018E8D8BB007AC0E5 /* wk04 paperTests.xctest */;
			productType = "com.apple.product-type.bundle.unit-test";
		};
/* End PBXNativeTarget section */

/* Begin PBXProject section */
		CF9F6FED18E8D8BB007AC0E5 /* Project object */ = {
			isa = PBXProject;
			attributes = {
				LastUpgradeCheck = 0510;
				ORGANIZATIONNAME = jorge;
				TargetAttributes = {
					CF9F700F18E8D8BB007AC0E5 = {
						TestTargetID = CF9F6FF418E8D8BB007AC0E5;
					};
				};
			};
			buildConfigurationList = CF9F6FF018E8D8BB007AC0E5 /* Build configuration list for PBXProject "wk04 paper" */;
			compatibilityVersion = "Xcode 3.2";
			developmentRegion = English;
			hasScannedForEncodings = 0;
			knownRegions = (
				en,
			);
			mainGroup = CF9F6FEC18E8D8BB007AC0E5;
			productRefGroup = CF9F6FF618E8D8BB007AC0E5 /* Products */;
			projectDirPath = "";
			projectRoot = "";
			targets = (
				CF9F6FF418E8D8BB007AC0E5 /* wk04 paper */,
				CF9F700F18E8D8BB007AC0E5 /* wk04 paperTests */,
			);
		};
/* End PBXProject section */

/* Begin PBXResourcesBuildPhase section */
		CF9F6FF318E8D8BB007AC0E5 /* Resources */ = {
			isa = PBXResourcesBuildPhase;
			buildActionMask = 2147483647;
			files = (
				CF9F700318E8D8BB007AC0E5 /* InfoPlist.strings in Resources */,
				CF9F702B18E8D8F9007AC0E5 /* MainViewController.xib in Resources */,
				CF9F700B18E8D8BB007AC0E5 /* Images.xcassets in Resources */,
			);
			runOnlyForDeploymentPostprocessing = 0;
		};
		CF9F700E18E8D8BB007AC0E5 /* Resources */ = {
			isa = PBXResourcesBuildPhase;
			buildActionMask = 2147483647;
			files = (
				CF9F701C18E8D8BB007AC0E5 /* InfoPlist.strings in Resources */,
			);
			runOnlyForDeploymentPostprocessing = 0;
		};
/* End PBXResourcesBuildPhase section */

/* Begin PBXSourcesBuildPhase section */
		CF9F6FF118E8D8BB007AC0E5 /* Sources */ = {
			isa = PBXSourcesBuildPhase;
			buildActionMask = 2147483647;
			files = (
				CF9F700918E8D8BB007AC0E5 /* AppDelegate.m in Sources */,
				CF9F702A18E8D8F9007AC0E5 /* MainViewController.m in Sources */,
				CF9F700518E8D8BB007AC0E5 /* main.m in Sources */,
			);
			runOnlyForDeploymentPostprocessing = 0;
		};
		CF9F700C18E8D8BB007AC0E5 /* Sources */ = {
			isa = PBXSourcesBuildPhase;
			buildActionMask = 2147483647;
			files = (
				CF9F701E18E8D8BB007AC0E5 /* wk04_paperTests.m in Sources */,
			);
			runOnlyForDeploymentPostprocessing = 0;
		};
/* End PBXSourcesBuildPhase section */

/* Begin PBXTargetDependency section */
		CF9F701618E8D8BB007AC0E5 /* PBXTargetDependency */ = {
			isa = PBXTargetDependency;
			target = CF9F6FF418E8D8BB007AC0E5 /* wk04 paper */;
			targetProxy = CF9F701518E8D8BB007AC0E5 /* PBXContainerItemProxy */;
		};
/* End PBXTargetDependency section */

/* Begin PBXVariantGroup section */
		CF9F700118E8D8BB007AC0E5 /* InfoPlist.strings */ = {
			isa = PBXVariantGroup;
			children = (
				CF9F700218E8D8BB007AC0E5 /* en */,
			);
			name = InfoPlist.strings;
			sourceTree = "<group>";
		};
		CF9F701A18E8D8BB007AC0E5 /* InfoPlist.strings */ = {
			isa = PBXVariantGroup;
			children = (
				CF9F701B18E8D8BB007AC0E5 /* en */,
			);
			name = InfoPlist.strings;
			sourceTree = "<group>";
		};
/* End PBXVariantGroup section */

/* Begin XCBuildConfiguration section */
		CF9F701F18E8D8BB007AC0E5 /* Debug */ = {
			isa = XCBuildConfiguration;
			buildSettings = {
				ALWAYS_SEARCH_USER_PATHS = NO;
				CLANG_CXX_LANGUAGE_STANDARD = "gnu++0x";
				CLANG_CXX_LIBRARY = "libc++";
				CLANG_ENABLE_MODULES = YES;
				CLANG_ENABLE_OBJC_ARC = YES;
				CLANG_WARN_BOOL_CONVERSION = YES;
				CLANG_WARN_CONSTANT_CONVERSION = YES;
				CLANG_WARN_DIRECT_OBJC_ISA_USAGE = YES_ERROR;
				CLANG_WARN_EMPTY_BODY = YES;
				CLANG_WARN_ENUM_CONVERSION = YES;
				CLANG_WARN_INT_CONVERSION = YES;
				CLANG_WARN_OBJC_ROOT_CLASS = YES_ERROR;
				CLANG_WARN__DUPLICATE_METHOD_MATCH = YES;
				"CODE_SIGN_IDENTITY[sdk=iphoneos*]" = "iPhone Developer";
				COPY_PHASE_STRIP = NO;
				GCC_C_LANGUAGE_STANDARD = gnu99;
				GCC_DYNAMIC_NO_PIC = NO;
				GCC_OPTIMIZATION_LEVEL = 0;
				GCC_PREPROCESSOR_DEFINITIONS = (
					"DEBUG=1",
					"$(inherited)",
				);
				GCC_SYMBOLS_PRIVATE_EXTERN = NO;
				GCC_WARN_64_TO_32_BIT_CONVERSION = YES;
				GCC_WARN_ABOUT_RETURN_TYPE = YES_ERROR;
				GCC_WARN_UNDECLARED_SELECTOR = YES;
				GCC_WARN_UNINITIALIZED_AUTOS = YES_AGGRESSIVE;
				GCC_WARN_UNUSED_FUNCTION = YES;
				GCC_WARN_UNUSED_VARIABLE = YES;
				IPHONEOS_DEPLOYMENT_TARGET = 7.1;
				ONLY_ACTIVE_ARCH = YES;
				SDKROOT = iphoneos;
			};
			name = Debug;
		};
		CF9F702018E8D8BB007AC0E5 /* Release */ = {
			isa = XCBuildConfiguration;
			buildSettings = {
				ALWAYS_SEARCH_USER_PATHS = NO;
				CLANG_CXX_LANGUAGE_STANDARD = "gnu++0x";
				CLANG_CXX_LIBRARY = "libc++";
				CLANG_ENABLE_MODULES = YES;
				CLANG_ENABLE_OBJC_ARC = YES;
				CLANG_WARN_BOOL_CONVERSION = YES;
				CLANG_WARN_CONSTANT_CONVERSION = YES;
				CLANG_WARN_DIRECT_OBJC_ISA_USAGE = YES_ERROR;
				CLANG_WARN_EMPTY_BODY = YES;
				CLANG_WARN_ENUM_CONVERSION = YES;
				CLANG_WARN_INT_CONVERSION = YES;
				CLANG_WARN_OBJC_ROOT_CLASS = YES_ERROR;
				CLANG_WARN__DUPLICATE_METHOD_MATCH = YES;
				"CODE_SIGN_IDENTITY[sdk=iphoneos*]" = "iPhone Developer";
				COPY_PHASE_STRIP = YES;
				ENABLE_NS_ASSERTIONS = NO;
				GCC_C_LANGUAGE_STANDARD = gnu99;
				GCC_WARN_64_TO_32_BIT_CONVERSION = YES;
				GCC_WARN_ABOUT_RETURN_TYPE = YES_ERROR;
				GCC_WARN_UNDECLARED_SELECTOR = YES;
				GCC_WARN_UNINITIALIZED_AUTOS = YES_AGGRESSIVE;
				GCC_WARN_UNUSED_FUNCTION = YES;
				GCC_WARN_UNUSED_VARIABLE = YES;
				IPHONEOS_DEPLOYMENT_TARGET = 7.1;
				SDKROOT = iphoneos;
				VALIDATE_PRODUCT = YES;
			};
			name = Release;
		};
		CF9F702218E8D8BB007AC0E5 /* Debug */ = {
			isa = XCBuildConfiguration;
			buildSettings = {
				ASSETCATALOG_COMPILER_APPICON_NAME = AppIcon;
				ASSETCATALOG_COMPILER_LAUNCHIMAGE_NAME = LaunchImage;
				GCC_PRECOMPILE_PREFIX_HEADER = YES;
				GCC_PREFIX_HEADER = "wk04 paper/wk04 paper-Prefix.pch";
				INFOPLIST_FILE = "wk04 paper/wk04 paper-Info.plist";
				PRODUCT_NAME = "$(TARGET_NAME)";
				WRAPPER_EXTENSION = app;
			};
			name = Debug;
		};
		CF9F702318E8D8BB007AC0E5 /* Release */ = {
			isa = XCBuildConfiguration;
			buildSettings = {
				ASSETCATALOG_COMPILER_APPICON_NAME = AppIcon;
				ASSETCATALOG_COMPILER_LAUNCHIMAGE_NAME = LaunchImage;
				GCC_PRECOMPILE_PREFIX_HEADER = YES;
				GCC_PREFIX_HEADER = "wk04 paper/wk04 paper-Prefix.pch";
				INFOPLIST_FILE = "wk04 paper/wk04 paper-Info.plist";
				PRODUCT_NAME = "$(TARGET_NAME)";
				WRAPPER_EXTENSION = app;
			};
			name = Release;
		};
		CF9F702518E8D8BB007AC0E5 /* Debug */ = {
			isa = XCBuildConfiguration;
			buildSettings = {
				BUNDLE_LOADER = "$(BUILT_PRODUCTS_DIR)/wk04 paper.app/wk04 paper";
				FRAMEWORK_SEARCH_PATHS = (
					"$(SDKROOT)/Developer/Library/Frameworks",
					"$(inherited)",
					"$(DEVELOPER_FRAMEWORKS_DIR)",
				);
				GCC_PRECOMPILE_PREFIX_HEADER = YES;
				GCC_PREFIX_HEADER = "wk04 paper/wk04 paper-Prefix.pch";
				GCC_PREPROCESSOR_DEFINITIONS = (
					"DEBUG=1",
					"$(inherited)",
				);
				INFOPLIST_FILE = "wk04 paperTests/wk04 paperTests-Info.plist";
				PRODUCT_NAME = "$(TARGET_NAME)";
				TEST_HOST = "$(BUNDLE_LOADER)";
				WRAPPER_EXTENSION = xctest;
			};
			name = Debug;
		};
		CF9F702618E8D8BB007AC0E5 /* Release */ = {
			isa = XCBuildConfiguration;
			buildSettings = {
				BUNDLE_LOADER = "$(BUILT_PRODUCTS_DIR)/wk04 paper.app/wk04 paper";
				FRAMEWORK_SEARCH_PATHS = (
					"$(SDKROOT)/Developer/Library/Frameworks",
					"$(inherited)",
					"$(DEVELOPER_FRAMEWORKS_DIR)",
				);
				GCC_PRECOMPILE_PREFIX_HEADER = YES;
				GCC_PREFIX_HEADER = "wk04 paper/wk04 paper-Prefix.pch";
				INFOPLIST_FILE = "wk04 paperTests/wk04 paperTests-Info.plist";
				PRODUCT_NAME = "$(TARGET_NAME)";
				TEST_HOST = "$(BUNDLE_LOADER)";
				WRAPPER_EXTENSION = xctest;
			};
			name = Release;
		};
/* End XCBuildConfiguration section */

/* Begin XCConfigurationList section */
		CF9F6FF018E8D8BB007AC0E5 /* Build configuration list for PBXProject "wk04 paper" */ = {
			isa = XCConfigurationList;
			buildConfigurations = (
				CF9F701F18E8D8BB007AC0E5 /* Debug */,
				CF9F702018E8D8BB007AC0E5 /* Release */,
			);
			defaultConfigurationIsVisible = 0;
			defaultConfigurationName = Release;
		};
		CF9F702118E8D8BB007AC0E5 /* Build configuration list for PBXNativeTarget "wk04 paper" */ = {
			isa = XCConfigurationList;
			buildConfigurations = (
				CF9F702218E8D8BB007AC0E5 /* Debug */,
				CF9F702318E8D8BB007AC0E5 /* Release */,
			);
			defaultConfigurationIsVisible = 0;
		};
		CF9F702418E8D8BB007AC0E5 /* Build configuration list for PBXNativeTarget "wk04 paperTests" */ = {
			isa = XCConfigurationList;
			buildConfigurations = (
				CF9F702518E8D8BB007AC0E5 /* Debug */,
				CF9F702618E8D8BB007AC0E5 /* Release */,
			);
			defaultConfigurationIsVisible = 0;
		};
/* End XCConfigurationList section */
	};
	rootObject = CF9F6FED18E8D8BB007AC0E5 /* Project object */;
}
